
Microsoft Visual Studio Solution File, Format Version 12.00
# Visual Studio Version 17
VisualStudioVersion = 17.8.34511.84
MinimumVisualStudioVersion = 10.0.40219.1
Project("{FAE04EC0-301F-11D3-BF4B-00C04F79EFBC}") = "Core", "Core\Core.csproj", "{9CB894A7-A416-414C-8270-D5D6C596BC98}"
EndProject
Project("{FAE04EC0-301F-11D3-BF4B-00C04F79EFBC}") = "Business", "Business\Business.csproj", "{CFE8CF27-2538-4C78-A39D-F8D9A6F8EBD2}"
EndProject
Project("{FAE04EC0-301F-11D3-BF4B-00C04F79EFBC}") = "DataAccess", "DataAccess\DataAccess.csproj", "{4CF6A7C0-7EC7-458E-A2E8-44F68E5CF2C9}"
EndProject
Project("{FAE04EC0-301F-11D3-BF4B-00C04F79EFBC}") = "Entity", "Entity\Entity.csproj", "{DD072295-9450-4151-AC98-481F205DF451}"
EndProject
Project("{FAE04EC0-301F-11D3-BF4B-00C04F79EFBC}") = "WebAPI", "WebAPI\WebAPI.csproj", "{5D186837-49C1-4270-A19B-4702926C22E6}"
EndProject
Global
	GlobalSection(SolutionConfigurationPlatforms) = preSolution
		Debug|Any CPU = Debug|Any CPU
		Release|Any CPU = Release|Any CPU
	EndGlobalSection
	GlobalSection(ProjectConfigurationPlatforms) = postSolution
		{9CB894A7-A416-414C-8270-D5D6C596BC98}.Debug|Any CPU.ActiveCfg = Debug|Any CPU
		{9CB894A7-A416-414C-8270-D5D6C596BC98}.Debug|Any CPU.Build.0 = Debug|Any CPU
		{9CB894A7-A416-414C-8270-D5D6C596BC98}.Release|Any CPU.ActiveCfg = Release|Any CPU
		{9CB894A7-A416-414C-8270-D5D6C596BC98}.Release|Any CPU.Build.0 = Release|Any CPU
		{CFE8CF27-2538-4C78-A39D-F8D9A6F8EBD2}.Debug|Any CPU.ActiveCfg = Debug|Any CPU
		{CFE8CF27-2538-4C78-A39D-F8D9A6F8EBD2}.Debug|Any CPU.Build.0 = Debug|Any CPU
		{CFE8CF27-2538-4C78-A39D-F8D9A6F8EBD2}.Release|Any CPU.ActiveCfg = Release|Any CPU
		{CFE8CF27-2538-4C78-A39D-F8D9A6F8EBD2}.Release|Any CPU.Build.0 = Release|Any CPU
		{4CF6A7C0-7EC7-458E-A2E8-44F68E5CF2C9}.Debug|Any CPU.ActiveCfg = Debug|Any CPU
		{4CF6A7C0-7EC7-458E-A2E8-44F68E5CF2C9}.Debug|Any CPU.Build.0 = Debug|Any CPU
		{4CF6A7C0-7EC7-458E-A2E8-44F68E5CF2C9}.Release|Any CPU.ActiveCfg = Release|Any CPU
		{4CF6A7C0-7EC7-458E-A2E8-44F68E5CF2C9}.Release|Any CPU.Build.0 = Release|Any CPU
		{DD072295-9450-4151-AC98-481F205DF451}.Debug|Any CPU.ActiveCfg = Debug|Any CPU
		{DD072295-9450-4151-AC98-481F205DF451}.Debug|Any CPU.Build.0 = Debug|Any CPU
		{DD072295-9450-4151-AC98-481F205DF451}.Release|Any CPU.ActiveCfg = Release|Any CPU
		{DD072295-9450-4151-AC98-481F205DF451}.Release|Any CPU.Build.0 = Release|Any CPU
		{5D186837-49C1-4270-A19B-4702926C22E6}.Debug|Any CPU.ActiveCfg = Debug|Any CPU
		{5D186837-49C1-4270-A19B-4702926C22E6}.Debug|Any CPU.Build.0 = Debug|Any CPU
		{5D186837-49C1-4270-A19B-4702926C22E6}.Release|Any CPU.ActiveCfg = Release|Any CPU
		{5D186837-49C1-4270-A19B-4702926C22E6}.Release|Any CPU.Build.0 = Release|Any CPU
	EndGlobalSection
	GlobalSection(SolutionProperties) = preSolution
		HideSolutionNode = FALSE
	EndGlobalSection
	GlobalSection(ExtensibilityGlobals) = postSolution
		SolutionGuid = {0F77EE97-B70A-44C8-9AE3-71C8E1650E6F}
	EndGlobalSection
EndGlobal
